// !$*UTF8*$!
{
	archiveVersion = 1;
	classes = {
	};
	objectVersion = 55;
	objects = {

/* Begin PBXBuildFile section */
		AA34D7922897F7D800D37F26 /* AccessTokenManagerTests.swift in Sources */ = {isa = PBXBuildFile; fileRef = AA34D7912897F7D800D37F26 /* AccessTokenManagerTests.swift */; };
		AA34D7A228980F8B00D37F26 /* iOSScalableAppStructure.xcdatamodeld in Sources */ = {isa = PBXBuildFile; fileRef = AA34D7A028980F8B00D37F26 /* iOSScalableAppStructure.xcdatamodeld */; };
		AAA228092895077F00081167 /* App.swift in Sources */ = {isa = PBXBuildFile; fileRef = AAA228082895077F00081167 /* App.swift */; };
		AAA2280B2895077F00081167 /* ContentView.swift in Sources */ = {isa = PBXBuildFile; fileRef = AAA2280A2895077F00081167 /* ContentView.swift */; };
		AAA2280D2895078000081167 /* Assets.xcassets in Resources */ = {isa = PBXBuildFile; fileRef = AAA2280C2895078000081167 /* Assets.xcassets */; };
		AAA228102895078000081167 /* Preview Assets.xcassets in Resources */ = {isa = PBXBuildFile; fileRef = AAA2280F2895078000081167 /* Preview Assets.xcassets */; };
		AAA2281C2896659300081167 /* ApiConstants.swift in Sources */ = {isa = PBXBuildFile; fileRef = AAA2281B2896659300081167 /* ApiConstants.swift */; };
		AAA2281E2896854100081167 /* Persistence.swift in Sources */ = {isa = PBXBuildFile; fileRef = AAA2281D2896854100081167 /* Persistence.swift */; };
		AAA22825289685DD00081167 /* Coat.swift in Sources */ = {isa = PBXBuildFile; fileRef = AAA22824289685DD00081167 /* Coat.swift */; };
		AAA22827289685F000081167 /* Organization.swift in Sources */ = {isa = PBXBuildFile; fileRef = AAA22826289685F000081167 /* Organization.swift */; };
		AAA22829289685FC00081167 /* User.swift in Sources */ = {isa = PBXBuildFile; fileRef = AAA22828289685FC00081167 /* User.swift */; };
		AAA2282D2896865C00081167 /* AnimalDetailsView.swift in Sources */ = {isa = PBXBuildFile; fileRef = AAA2282C2896865C00081167 /* AnimalDetailsView.swift */; };
		AAA228322896869C00081167 /* AnimalsNearYouView.swift in Sources */ = {isa = PBXBuildFile; fileRef = AAA228312896869C00081167 /* AnimalsNearYouView.swift */; };
		AAA228362896870200081167 /* SearchView.swift in Sources */ = {isa = PBXBuildFile; fileRef = AAA228352896870200081167 /* SearchView.swift */; };
		AACE3DCB2896D2F7005ACB10 /* Animal.swift in Sources */ = {isa = PBXBuildFile; fileRef = AACE3DCA2896D2F7005ACB10 /* Animal.swift */; };
		AACE3DCD2896D4E4005ACB10 /* Size.swift in Sources */ = {isa = PBXBuildFile; fileRef = AACE3DCC2896D4E4005ACB10 /* Size.swift */; };
		AACE3DCF2896D510005ACB10 /* Gender.swift in Sources */ = {isa = PBXBuildFile; fileRef = AACE3DCE2896D510005ACB10 /* Gender.swift */; };
		AACE3DD12896D539005ACB10 /* Age.swift in Sources */ = {isa = PBXBuildFile; fileRef = AACE3DD02896D539005ACB10 /* Age.swift */; };
		AACE3DD32896D576005ACB10 /* Breed.swift in Sources */ = {isa = PBXBuildFile; fileRef = AACE3DD22896D576005ACB10 /* Breed.swift */; };
		AACE3DD52896D599005ACB10 /* PhotoSizes.swift in Sources */ = {isa = PBXBuildFile; fileRef = AACE3DD42896D599005ACB10 /* PhotoSizes.swift */; };
		AACE3DD72896D5BD005ACB10 /* VideoLink.swift in Sources */ = {isa = PBXBuildFile; fileRef = AACE3DD62896D5BD005ACB10 /* VideoLink.swift */; };
		AACE3DD92896D5D7005ACB10 /* AnimalAttributes.swift in Sources */ = {isa = PBXBuildFile; fileRef = AACE3DD82896D5D7005ACB10 /* AnimalAttributes.swift */; };
		AACE3DDB2896D626005ACB10 /* AnimalEnvironment.swift in Sources */ = {isa = PBXBuildFile; fileRef = AACE3DDA2896D626005ACB10 /* AnimalEnvironment.swift */; };
		AACE3DDD2896D64B005ACB10 /* ApiColors.swift in Sources */ = {isa = PBXBuildFile; fileRef = AACE3DDC2896D64B005ACB10 /* ApiColors.swift */; };
		AACE3DDF2896D673005ACB10 /* AdoptionStatus.swift in Sources */ = {isa = PBXBuildFile; fileRef = AACE3DDE2896D673005ACB10 /* AdoptionStatus.swift */; };
		AACE3DE12896D899005ACB10 /* Pagination.swift in Sources */ = {isa = PBXBuildFile; fileRef = AACE3DE02896D899005ACB10 /* Pagination.swift */; };
		AACE3DE32896DD5B005ACB10 /* AnimalsMock.swift in Sources */ = {isa = PBXBuildFile; fileRef = AACE3DE22896DD5B005ACB10 /* AnimalsMock.swift */; };
		AACE3DE52896DEBF005ACB10 /* AnimalsMock.json in Resources */ = {isa = PBXBuildFile; fileRef = AACE3DE42896DEBF005ACB10 /* AnimalsMock.json */; };
		AACE3DE62896DEC0005ACB10 /* AnimalsMock.json in Resources */ = {isa = PBXBuildFile; fileRef = AACE3DE42896DEBF005ACB10 /* AnimalsMock.json */; };
		AACE3DE92896E3D9005ACB10 /* RequestProtocol.swift in Sources */ = {isa = PBXBuildFile; fileRef = AACE3DE82896E3D9005ACB10 /* RequestProtocol.swift */; };
		AACE3DEB2896E455005ACB10 /* RequestType.swift in Sources */ = {isa = PBXBuildFile; fileRef = AACE3DEA2896E455005ACB10 /* RequestType.swift */; };
		AACE3DEE2896E56D005ACB10 /* Occupiable.swift in Sources */ = {isa = PBXBuildFile; fileRef = AACE3DED2896E56D005ACB10 /* Occupiable.swift */; };
		AACE3DF12896E6D1005ACB10 /* NetworkError.swift in Sources */ = {isa = PBXBuildFile; fileRef = AACE3DF02896E6D1005ACB10 /* NetworkError.swift */; };
		AACE3DF42896E8F0005ACB10 /* ApiManager.swift in Sources */ = {isa = PBXBuildFile; fileRef = AACE3DF32896E8F0005ACB10 /* ApiManager.swift */; };
		AACE3DF62896EA60005ACB10 /* RequestManager.swift in Sources */ = {isa = PBXBuildFile; fileRef = AACE3DF52896EA60005ACB10 /* RequestManager.swift */; };
		AACE3DF92896EBA1005ACB10 /* DataParser.swift in Sources */ = {isa = PBXBuildFile; fileRef = AACE3DF82896EBA1005ACB10 /* DataParser.swift */; };
		AACE3DFC2896EC52005ACB10 /* AuthTokenRequest.swift in Sources */ = {isa = PBXBuildFile; fileRef = AACE3DFB2896EC52005ACB10 /* AuthTokenRequest.swift */; };
		AACE3DFF2896ED85005ACB10 /* ApiToken.swift in Sources */ = {isa = PBXBuildFile; fileRef = AACE3DFE2896ED85005ACB10 /* ApiToken.swift */; };
		AACE3E022896F0F7005ACB10 /* AnimalsRequest.swift in Sources */ = {isa = PBXBuildFile; fileRef = AACE3E012896F0F7005ACB10 /* AnimalsRequest.swift */; };
		AACE3E042896F269005ACB10 /* AnimalsContainer.swift in Sources */ = {isa = PBXBuildFile; fileRef = AACE3E032896F269005ACB10 /* AnimalsContainer.swift */; };
		AACE3E082896F46A005ACB10 /* AnimalRowView.swift in Sources */ = {isa = PBXBuildFile; fileRef = AACE3E072896F46A005ACB10 /* AnimalRowView.swift */; };
		AACE3E0B2896FB5E005ACB10 /* AccessTokenManager.swift in Sources */ = {isa = PBXBuildFile; fileRef = AACE3E0A2896FB5E005ACB10 /* AccessTokenManager.swift */; };
		AACE3E0D2896FC91005ACB10 /* AppUserDefaultsKeys.swift in Sources */ = {isa = PBXBuildFile; fileRef = AACE3E0C2896FC91005ACB10 /* AppUserDefaultsKeys.swift */; };
		AACE3E142897D623005ACB10 /* ApiManagerMock.swift in Sources */ = {isa = PBXBuildFile; fileRef = AACE3E132897D623005ACB10 /* ApiManagerMock.swift */; };
		AACF529F2897D880001856C5 /* AccessTokenHelper.swift in Sources */ = {isa = PBXBuildFile; fileRef = AACF529E2897D880001856C5 /* AccessTokenHelper.swift */; };
		AACF52A12897D964001856C5 /* AnimalsRequestMock.swift in Sources */ = {isa = PBXBuildFile; fileRef = AACF52A02897D964001856C5 /* AnimalsRequestMock.swift */; };
		AACF52A32897DAC2001856C5 /* RequestManagerTests.swift in Sources */ = {isa = PBXBuildFile; fileRef = AACF52A22897DAC2001856C5 /* RequestManagerTests.swift */; };
/* End PBXBuildFile section */

/* Begin PBXContainerItemProxy section */
		AA34D78F2897E21400D37F26 /* PBXContainerItemProxy */ = {
			isa = PBXContainerItemProxy;
			containerPortal = AAA227FD2895077F00081167 /* Project object */;
			proxyType = 1;
			remoteGlobalIDString = AAA228042895077F00081167;
			remoteInfo = iOSScalableAppStructure;
		};
/* End PBXContainerItemProxy section */

/* Begin PBXFileReference section */
		AA34D7912897F7D800D37F26 /* AccessTokenManagerTests.swift */ = {isa = PBXFileReference; lastKnownFileType = sourcecode.swift; path = AccessTokenManagerTests.swift; sourceTree = "<group>"; };
		AA34D7A128980F8B00D37F26 /* iOSScalableAppStructure.xcdatamodel */ = {isa = PBXFileReference; lastKnownFileType = wrapper.xcdatamodel; path = iOSScalableAppStructure.xcdatamodel; sourceTree = "<group>"; };
		AAA228052895077F00081167 /* iOSScalableAppStructure.app */ = {isa = PBXFileReference; explicitFileType = wrapper.application; includeInIndex = 0; path = iOSScalableAppStructure.app; sourceTree = BUILT_PRODUCTS_DIR; };
		AAA228082895077F00081167 /* App.swift */ = {isa = PBXFileReference; lastKnownFileType = sourcecode.swift; path = App.swift; sourceTree = "<group>"; };
		AAA2280A2895077F00081167 /* ContentView.swift */ = {isa = PBXFileReference; lastKnownFileType = sourcecode.swift; path = ContentView.swift; sourceTree = "<group>"; };
		AAA2280C2895078000081167 /* Assets.xcassets */ = {isa = PBXFileReference; lastKnownFileType = folder.assetcatalog; path = Assets.xcassets; sourceTree = "<group>"; };
		AAA2280F2895078000081167 /* Preview Assets.xcassets */ = {isa = PBXFileReference; lastKnownFileType = folder.assetcatalog; path = "Preview Assets.xcassets"; sourceTree = "<group>"; };
		AAA2281B2896659300081167 /* ApiConstants.swift */ = {isa = PBXFileReference; lastKnownFileType = sourcecode.swift; path = ApiConstants.swift; sourceTree = "<group>"; };
		AAA2281D2896854100081167 /* Persistence.swift */ = {isa = PBXFileReference; lastKnownFileType = sourcecode.swift; path = Persistence.swift; sourceTree = "<group>"; };
		AAA22824289685DD00081167 /* Coat.swift */ = {isa = PBXFileReference; lastKnownFileType = sourcecode.swift; path = Coat.swift; sourceTree = "<group>"; };
		AAA22826289685F000081167 /* Organization.swift */ = {isa = PBXFileReference; lastKnownFileType = sourcecode.swift; path = Organization.swift; sourceTree = "<group>"; };
		AAA22828289685FC00081167 /* User.swift */ = {isa = PBXFileReference; lastKnownFileType = sourcecode.swift; path = User.swift; sourceTree = "<group>"; };
		AAA2282C2896865C00081167 /* AnimalDetailsView.swift */ = {isa = PBXFileReference; lastKnownFileType = sourcecode.swift; path = AnimalDetailsView.swift; sourceTree = "<group>"; };
		AAA228312896869C00081167 /* AnimalsNearYouView.swift */ = {isa = PBXFileReference; lastKnownFileType = sourcecode.swift; path = AnimalsNearYouView.swift; sourceTree = "<group>"; };
		AAA228352896870200081167 /* SearchView.swift */ = {isa = PBXFileReference; lastKnownFileType = sourcecode.swift; path = SearchView.swift; sourceTree = "<group>"; };
		AAA2283B2896879400081167 /* iOSScalableAppStructureTests.xctest */ = {isa = PBXFileReference; explicitFileType = wrapper.cfbundle; includeInIndex = 0; path = iOSScalableAppStructureTests.xctest; sourceTree = BUILT_PRODUCTS_DIR; };
		AACE3DCA2896D2F7005ACB10 /* Animal.swift */ = {isa = PBXFileReference; lastKnownFileType = sourcecode.swift; path = Animal.swift; sourceTree = "<group>"; };
		AACE3DCC2896D4E4005ACB10 /* Size.swift */ = {isa = PBXFileReference; lastKnownFileType = sourcecode.swift; path = Size.swift; sourceTree = "<group>"; };
		AACE3DCE2896D510005ACB10 /* Gender.swift */ = {isa = PBXFileReference; lastKnownFileType = sourcecode.swift; path = Gender.swift; sourceTree = "<group>"; };
		AACE3DD02896D539005ACB10 /* Age.swift */ = {isa = PBXFileReference; lastKnownFileType = sourcecode.swift; path = Age.swift; sourceTree = "<group>"; };
		AACE3DD22896D576005ACB10 /* Breed.swift */ = {isa = PBXFileReference; lastKnownFileType = sourcecode.swift; path = Breed.swift; sourceTree = "<group>"; };
		AACE3DD42896D599005ACB10 /* PhotoSizes.swift */ = {isa = PBXFileReference; lastKnownFileType = sourcecode.swift; path = PhotoSizes.swift; sourceTree = "<group>"; };
		AACE3DD62896D5BD005ACB10 /* VideoLink.swift */ = {isa = PBXFileReference; lastKnownFileType = sourcecode.swift; path = VideoLink.swift; sourceTree = "<group>"; };
		AACE3DD82896D5D7005ACB10 /* AnimalAttributes.swift */ = {isa = PBXFileReference; lastKnownFileType = sourcecode.swift; path = AnimalAttributes.swift; sourceTree = "<group>"; };
		AACE3DDA2896D626005ACB10 /* AnimalEnvironment.swift */ = {isa = PBXFileReference; lastKnownFileType = sourcecode.swift; path = AnimalEnvironment.swift; sourceTree = "<group>"; };
		AACE3DDC2896D64B005ACB10 /* ApiColors.swift */ = {isa = PBXFileReference; lastKnownFileType = sourcecode.swift; path = ApiColors.swift; sourceTree = "<group>"; };
		AACE3DDE2896D673005ACB10 /* AdoptionStatus.swift */ = {isa = PBXFileReference; lastKnownFileType = sourcecode.swift; path = AdoptionStatus.swift; sourceTree = "<group>"; };
		AACE3DE02896D899005ACB10 /* Pagination.swift */ = {isa = PBXFileReference; lastKnownFileType = sourcecode.swift; path = Pagination.swift; sourceTree = "<group>"; };
		AACE3DE22896DD5B005ACB10 /* AnimalsMock.swift */ = {isa = PBXFileReference; lastKnownFileType = sourcecode.swift; path = AnimalsMock.swift; sourceTree = "<group>"; };
		AACE3DE42896DEBF005ACB10 /* AnimalsMock.json */ = {isa = PBXFileReference; lastKnownFileType = text.json; path = AnimalsMock.json; sourceTree = "<group>"; };
		AACE3DE82896E3D9005ACB10 /* RequestProtocol.swift */ = {isa = PBXFileReference; lastKnownFileType = sourcecode.swift; path = RequestProtocol.swift; sourceTree = "<group>"; };
		AACE3DEA2896E455005ACB10 /* RequestType.swift */ = {isa = PBXFileReference; lastKnownFileType = sourcecode.swift; path = RequestType.swift; sourceTree = "<group>"; };
		AACE3DED2896E56D005ACB10 /* Occupiable.swift */ = {isa = PBXFileReference; lastKnownFileType = sourcecode.swift; path = Occupiable.swift; sourceTree = "<group>"; };
		AACE3DF02896E6D1005ACB10 /* NetworkError.swift */ = {isa = PBXFileReference; lastKnownFileType = sourcecode.swift; path = NetworkError.swift; sourceTree = "<group>"; };
		AACE3DF32896E8F0005ACB10 /* ApiManager.swift */ = {isa = PBXFileReference; lastKnownFileType = sourcecode.swift; path = ApiManager.swift; sourceTree = "<group>"; };
		AACE3DF52896EA60005ACB10 /* RequestManager.swift */ = {isa = PBXFileReference; lastKnownFileType = sourcecode.swift; path = RequestManager.swift; sourceTree = "<group>"; };
		AACE3DF82896EBA1005ACB10 /* DataParser.swift */ = {isa = PBXFileReference; lastKnownFileType = sourcecode.swift; path = DataParser.swift; sourceTree = "<group>"; };
		AACE3DFB2896EC52005ACB10 /* AuthTokenRequest.swift */ = {isa = PBXFileReference; lastKnownFileType = sourcecode.swift; path = AuthTokenRequest.swift; sourceTree = "<group>"; };
		AACE3DFE2896ED85005ACB10 /* ApiToken.swift */ = {isa = PBXFileReference; lastKnownFileType = sourcecode.swift; path = ApiToken.swift; sourceTree = "<group>"; };
		AACE3E012896F0F7005ACB10 /* AnimalsRequest.swift */ = {isa = PBXFileReference; lastKnownFileType = sourcecode.swift; path = AnimalsRequest.swift; sourceTree = "<group>"; };
		AACE3E032896F269005ACB10 /* AnimalsContainer.swift */ = {isa = PBXFileReference; lastKnownFileType = sourcecode.swift; path = AnimalsContainer.swift; sourceTree = "<group>"; };
		AACE3E072896F46A005ACB10 /* AnimalRowView.swift */ = {isa = PBXFileReference; lastKnownFileType = sourcecode.swift; path = AnimalRowView.swift; sourceTree = "<group>"; };
		AACE3E0A2896FB5E005ACB10 /* AccessTokenManager.swift */ = {isa = PBXFileReference; lastKnownFileType = sourcecode.swift; path = AccessTokenManager.swift; sourceTree = "<group>"; };
		AACE3E0C2896FC91005ACB10 /* AppUserDefaultsKeys.swift */ = {isa = PBXFileReference; lastKnownFileType = sourcecode.swift; path = AppUserDefaultsKeys.swift; sourceTree = "<group>"; };
		AACE3E132897D623005ACB10 /* ApiManagerMock.swift */ = {isa = PBXFileReference; lastKnownFileType = sourcecode.swift; path = ApiManagerMock.swift; sourceTree = "<group>"; };
		AACF529E2897D880001856C5 /* AccessTokenHelper.swift */ = {isa = PBXFileReference; lastKnownFileType = sourcecode.swift; path = AccessTokenHelper.swift; sourceTree = "<group>"; };
		AACF52A02897D964001856C5 /* AnimalsRequestMock.swift */ = {isa = PBXFileReference; lastKnownFileType = sourcecode.swift; path = AnimalsRequestMock.swift; sourceTree = "<group>"; };
		AACF52A22897DAC2001856C5 /* RequestManagerTests.swift */ = {isa = PBXFileReference; lastKnownFileType = sourcecode.swift; path = RequestManagerTests.swift; sourceTree = "<group>"; };
/* End PBXFileReference section */

/* Begin PBXFrameworksBuildPhase section */
		AAA228022895077F00081167 /* Frameworks */ = {
			isa = PBXFrameworksBuildPhase;
			buildActionMask = 2147483647;
			files = (
			);
			runOnlyForDeploymentPostprocessing = 0;
		};
		AAA228382896879400081167 /* Frameworks */ = {
			isa = PBXFrameworksBuildPhase;
			buildActionMask = 2147483647;
			files = (
			);
			runOnlyForDeploymentPostprocessing = 0;
		};
/* End PBXFrameworksBuildPhase section */

/* Begin PBXGroup section */
		AA34D7A32898C72900D37F26 /* Extensions */ = {
			isa = PBXGroup;
			children = (
			);
			path = Extensions;
			sourceTree = "<group>";
		};
		AAA227FC2895077F00081167 = {
			isa = PBXGroup;
			children = (
				AAA228072895077F00081167 /* iOSScalableAppStructure */,
				AAA2283C2896879400081167 /* iOSScalableAppStructureTests */,
				AAA228062895077F00081167 /* Products */,
			);
			sourceTree = "<group>";
		};
		AAA228062895077F00081167 /* Products */ = {
			isa = PBXGroup;
			children = (
				AAA228052895077F00081167 /* iOSScalableAppStructure.app */,
				AAA2283B2896879400081167 /* iOSScalableAppStructureTests.xctest */,
			);
			name = Products;
			sourceTree = "<group>";
		};
		AAA228072895077F00081167 /* iOSScalableAppStructure */ = {
			isa = PBXGroup;
			children = (
				AAA228162896655E00081167 /* Core */,
				AAA2282A2896862600081167 /* AnimalDetails */,
				AAA2282E2896868100081167 /* AnimalsNearYou */,
				AAA22833289686D900081167 /* Search */,
				AAA228082895077F00081167 /* App.swift */,
				AAA2280A2895077F00081167 /* ContentView.swift */,
				AAA2280C2895078000081167 /* Assets.xcassets */,
				AAA2280E2895078000081167 /* Preview Content */,
			);
			path = iOSScalableAppStructure;
			sourceTree = "<group>";
		};
		AAA2280E2895078000081167 /* Preview Content */ = {
			isa = PBXGroup;
			children = (
				AAA2280F2895078000081167 /* Preview Assets.xcassets */,
				AACE3DE42896DEBF005ACB10 /* AnimalsMock.json */,
			);
			path = "Preview Content";
			sourceTree = "<group>";
		};
		AAA228162896655E00081167 /* Core */ = {
			isa = PBXGroup;
			children = (
				AAA228172896656500081167 /* Data */,
				AAA2281F2896859000081167 /* Domain */,
				AACE3DEC2896E54E005ACB10 /* Utilities */,
			);
			path = Core;
			sourceTree = "<group>";
		};
		AAA228172896656500081167 /* Data */ = {
			isa = PBXGroup;
			children = (
				AAA228182896656E00081167 /* API */,
				AAA2281A2896658200081167 /* CoreData */,
			);
			path = Data;
			sourceTree = "<group>";
		};
		AAA228182896656E00081167 /* API */ = {
			isa = PBXGroup;
			children = (
				AACE3E092896FB53005ACB10 /* Token */,
				AAA2281B2896659300081167 /* ApiConstants.swift */,
				AACE3DEF2896E6C3005ACB10 /* Error */,
				AACE3DFD2896ED79005ACB10 /* Model */,
				AACE3DF22896E8DD005ACB10 /* Network */,
				AACE3DF72896EB94005ACB10 /* Parser */,
				AACE3DE72896E3C9005ACB10 /* Request */,
			);
			path = API;
			sourceTree = "<group>";
		};
		AAA2281A2896658200081167 /* CoreData */ = {
			isa = PBXGroup;
			children = (
				AA34D7A32898C72900D37F26 /* Extensions */,
				AAA2281D2896854100081167 /* Persistence.swift */,
				AA34D7A028980F8B00D37F26 /* iOSScalableAppStructure.xcdatamodeld */,
			);
			path = CoreData;
			sourceTree = "<group>";
		};
		AAA2281F2896859000081167 /* Domain */ = {
			isa = PBXGroup;
			children = (
				AAA228202896859600081167 /* Model */,
			);
			path = Domain;
			sourceTree = "<group>";
		};
		AAA228202896859600081167 /* Model */ = {
			isa = PBXGroup;
			children = (
				AAA228212896859D00081167 /* Animal */,
				AAA22822289685B600081167 /* Organization */,
				AAA22823289685BE00081167 /* User */,
			);
			path = Model;
			sourceTree = "<group>";
		};
		AAA228212896859D00081167 /* Animal */ = {
			isa = PBXGroup;
			children = (
				AACE3DDE2896D673005ACB10 /* AdoptionStatus.swift */,
				AACE3DD02896D539005ACB10 /* Age.swift */,
				AACE3DCA2896D2F7005ACB10 /* Animal.swift */,
				AACE3DD82896D5D7005ACB10 /* AnimalAttributes.swift */,
				AACE3DDA2896D626005ACB10 /* AnimalEnvironment.swift */,
				AACE3E032896F269005ACB10 /* AnimalsContainer.swift */,
				AACE3DE22896DD5B005ACB10 /* AnimalsMock.swift */,
				AACE3DDC2896D64B005ACB10 /* ApiColors.swift */,
				AACE3DD22896D576005ACB10 /* Breed.swift */,
				AAA22824289685DD00081167 /* Coat.swift */,
				AACE3DCE2896D510005ACB10 /* Gender.swift */,
				AACE3DD42896D599005ACB10 /* PhotoSizes.swift */,
				AACE3DCC2896D4E4005ACB10 /* Size.swift */,
				AACE3DD62896D5BD005ACB10 /* VideoLink.swift */,
			);
			path = Animal;
			sourceTree = "<group>";
		};
		AAA22822289685B600081167 /* Organization */ = {
			isa = PBXGroup;
			children = (
				AAA22826289685F000081167 /* Organization.swift */,
				AACE3DE02896D899005ACB10 /* Pagination.swift */,
			);
			path = Organization;
			sourceTree = "<group>";
		};
		AAA22823289685BE00081167 /* User */ = {
			isa = PBXGroup;
			children = (
				AAA22828289685FC00081167 /* User.swift */,
			);
			path = User;
			sourceTree = "<group>";
		};
		AAA2282A2896862600081167 /* AnimalDetails */ = {
			isa = PBXGroup;
			children = (
				AAA2282B2896864F00081167 /* Views */,
			);
			path = AnimalDetails;
			sourceTree = "<group>";
		};
		AAA2282B2896864F00081167 /* Views */ = {
			isa = PBXGroup;
			children = (
				AAA2282C2896865C00081167 /* AnimalDetailsView.swift */,
			);
			path = Views;
			sourceTree = "<group>";
		};
		AAA2282E2896868100081167 /* AnimalsNearYou */ = {
			isa = PBXGroup;
			children = (
				AAA2282F2896868A00081167 /* Views */,
			);
			path = AnimalsNearYou;
			sourceTree = "<group>";
		};
		AAA2282F2896868A00081167 /* Views */ = {
			isa = PBXGroup;
			children = (
				AACE3E072896F46A005ACB10 /* AnimalRowView.swift */,
				AAA228312896869C00081167 /* AnimalsNearYouView.swift */,
			);
			path = Views;
			sourceTree = "<group>";
		};
		AAA22833289686D900081167 /* Search */ = {
			isa = PBXGroup;
			children = (
				AAA22834289686EA00081167 /* Views */,
			);
			path = Search;
			sourceTree = "<group>";
		};
		AAA22834289686EA00081167 /* Views */ = {
			isa = PBXGroup;
			children = (
				AAA228352896870200081167 /* SearchView.swift */,
			);
			path = Views;
			sourceTree = "<group>";
		};
		AAA2283C2896879400081167 /* iOSScalableAppStructureTests */ = {
			isa = PBXGroup;
			children = (
				AACE3E0E2897D5DE005ACB10 /* Core */,
			);
			path = iOSScalableAppStructureTests;
			sourceTree = "<group>";
		};
		AACE3DE72896E3C9005ACB10 /* Request */ = {
			isa = PBXGroup;
			children = (
				AACE3E002896F0E1005ACB10 /* Animals */,
				AACE3DFA2896EC44005ACB10 /* Auth */,
				AACE3DE82896E3D9005ACB10 /* RequestProtocol.swift */,
				AACE3DEA2896E455005ACB10 /* RequestType.swift */,
			);
			path = Request;
			sourceTree = "<group>";
		};
		AACE3DEC2896E54E005ACB10 /* Utilities */ = {
			isa = PBXGroup;
			children = (
				AACE3DED2896E56D005ACB10 /* Occupiable.swift */,
				AACE3E0C2896FC91005ACB10 /* AppUserDefaultsKeys.swift */,
			);
			path = Utilities;
			sourceTree = "<group>";
		};
		AACE3DEF2896E6C3005ACB10 /* Error */ = {
			isa = PBXGroup;
			children = (
				AACE3DF02896E6D1005ACB10 /* NetworkError.swift */,
			);
			path = Error;
			sourceTree = "<group>";
		};
		AACE3DF22896E8DD005ACB10 /* Network */ = {
			isa = PBXGroup;
			children = (
				AACE3DF32896E8F0005ACB10 /* ApiManager.swift */,
				AACE3DF52896EA60005ACB10 /* RequestManager.swift */,
			);
			path = Network;
			sourceTree = "<group>";
		};
		AACE3DF72896EB94005ACB10 /* Parser */ = {
			isa = PBXGroup;
			children = (
				AACE3DF82896EBA1005ACB10 /* DataParser.swift */,
			);
			path = Parser;
			sourceTree = "<group>";
		};
		AACE3DFA2896EC44005ACB10 /* Auth */ = {
			isa = PBXGroup;
			children = (
				AACE3DFB2896EC52005ACB10 /* AuthTokenRequest.swift */,
			);
			path = Auth;
			sourceTree = "<group>";
		};
		AACE3DFD2896ED79005ACB10 /* Model */ = {
			isa = PBXGroup;
			children = (
				AACE3DFE2896ED85005ACB10 /* ApiToken.swift */,
			);
			path = Model;
			sourceTree = "<group>";
		};
		AACE3E002896F0E1005ACB10 /* Animals */ = {
			isa = PBXGroup;
			children = (
				AACE3E012896F0F7005ACB10 /* AnimalsRequest.swift */,
			);
			path = Animals;
			sourceTree = "<group>";
		};
		AACE3E092896FB53005ACB10 /* Token */ = {
			isa = PBXGroup;
			children = (
				AACE3E0A2896FB5E005ACB10 /* AccessTokenManager.swift */,
			);
			path = Token;
			sourceTree = "<group>";
		};
		AACE3E0E2897D5DE005ACB10 /* Core */ = {
			isa = PBXGroup;
			children = (
				AACE3E0F2897D5E5005ACB10 /* Data */,
			);
			path = Core;
			sourceTree = "<group>";
		};
		AACE3E0F2897D5E5005ACB10 /* Data */ = {
			isa = PBXGroup;
			children = (
				AACE3E102897D5E8005ACB10 /* API */,
			);
			path = Data;
			sourceTree = "<group>";
		};
		AACE3E102897D5E8005ACB10 /* API */ = {
			isa = PBXGroup;
			children = (
				AACE3E122897D605005ACB10 /* Helper */,
				AACE3E112897D602005ACB10 /* Mock */,
				AA34D7912897F7D800D37F26 /* AccessTokenManagerTests.swift */,
				AACF52A22897DAC2001856C5 /* RequestManagerTests.swift */,
			);
			path = API;
			sourceTree = "<group>";
		};
		AACE3E112897D602005ACB10 /* Mock */ = {
			isa = PBXGroup;
			children = (
				AACE3E132897D623005ACB10 /* ApiManagerMock.swift */,
				AACF52A02897D964001856C5 /* AnimalsRequestMock.swift */,
			);
			path = Mock;
			sourceTree = "<group>";
		};
		AACE3E122897D605005ACB10 /* Helper */ = {
			isa = PBXGroup;
			children = (
				AACF529E2897D880001856C5 /* AccessTokenHelper.swift */,
			);
			path = Helper;
			sourceTree = "<group>";
		};
/* End PBXGroup section */

/* Begin PBXNativeTarget section */
		AAA228042895077F00081167 /* iOSScalableAppStructure */ = {
			isa = PBXNativeTarget;
			buildConfigurationList = AAA228132895078000081167 /* Build configuration list for PBXNativeTarget "iOSScalableAppStructure" */;
			buildPhases = (
				AAA228012895077F00081167 /* Sources */,
				AAA228022895077F00081167 /* Frameworks */,
				AAA228032895077F00081167 /* Resources */,
			);
			buildRules = (
			);
			dependencies = (
			);
			name = iOSScalableAppStructure;
			productName = iOSScalableAppStructure;
			productReference = AAA228052895077F00081167 /* iOSScalableAppStructure.app */;
			productType = "com.apple.product-type.application";
		};
		AAA2283A2896879400081167 /* iOSScalableAppStructureTests */ = {
			isa = PBXNativeTarget;
			buildConfigurationList = AAA2283F2896879400081167 /* Build configuration list for PBXNativeTarget "iOSScalableAppStructureTests" */;
			buildPhases = (
				AAA228372896879400081167 /* Sources */,
				AAA228382896879400081167 /* Frameworks */,
				AAA228392896879400081167 /* Resources */,
			);
			buildRules = (
			);
			dependencies = (
				AA34D7902897E21400D37F26 /* PBXTargetDependency */,
			);
			name = iOSScalableAppStructureTests;
			productName = iOSScalableAppStructureTests;
			productReference = AAA2283B2896879400081167 /* iOSScalableAppStructureTests.xctest */;
			productType = "com.apple.product-type.bundle.unit-test";
		};
/* End PBXNativeTarget section */

/* Begin PBXProject section */
		AAA227FD2895077F00081167 /* Project object */ = {
			isa = PBXProject;
			attributes = {
				BuildIndependentTargetsInParallel = 1;
				LastSwiftUpdateCheck = 1330;
				LastUpgradeCheck = 1330;
				TargetAttributes = {
					AAA228042895077F00081167 = {
						CreatedOnToolsVersion = 13.3.1;
					};
					AAA2283A2896879400081167 = {
						CreatedOnToolsVersion = 13.3.1;
						TestTargetID = AAA228042895077F00081167;
					};
				};
			};
			buildConfigurationList = AAA228002895077F00081167 /* Build configuration list for PBXProject "iOSScalableAppStructure" */;
			compatibilityVersion = "Xcode 13.0";
			developmentRegion = en;
			hasScannedForEncodings = 0;
			knownRegions = (
				en,
				Base,
			);
			mainGroup = AAA227FC2895077F00081167;
			productRefGroup = AAA228062895077F00081167 /* Products */;
			projectDirPath = "";
			projectRoot = "";
			targets = (
				AAA228042895077F00081167 /* iOSScalableAppStructure */,
				AAA2283A2896879400081167 /* iOSScalableAppStructureTests */,
			);
		};
/* End PBXProject section */

/* Begin PBXResourcesBuildPhase section */
		AAA228032895077F00081167 /* Resources */ = {
			isa = PBXResourcesBuildPhase;
			buildActionMask = 2147483647;
			files = (
				AAA228102895078000081167 /* Preview Assets.xcassets in Resources */,
				AAA2280D2895078000081167 /* Assets.xcassets in Resources */,
				AACE3DE52896DEBF005ACB10 /* AnimalsMock.json in Resources */,
			);
			runOnlyForDeploymentPostprocessing = 0;
		};
		AAA228392896879400081167 /* Resources */ = {
			isa = PBXResourcesBuildPhase;
			buildActionMask = 2147483647;
			files = (
				AACE3DE62896DEC0005ACB10 /* AnimalsMock.json in Resources */,
			);
			runOnlyForDeploymentPostprocessing = 0;
		};
/* End PBXResourcesBuildPhase section */

/* Begin PBXSourcesBuildPhase section */
		AAA228012895077F00081167 /* Sources */ = {
			isa = PBXSourcesBuildPhase;
			buildActionMask = 2147483647;
			files = (
				AACE3DFC2896EC52005ACB10 /* AuthTokenRequest.swift in Sources */,
				AACE3DCB2896D2F7005ACB10 /* Animal.swift in Sources */,
				AAA228362896870200081167 /* SearchView.swift in Sources */,
				AACE3DDD2896D64B005ACB10 /* ApiColors.swift in Sources */,
				AACE3DFF2896ED85005ACB10 /* ApiToken.swift in Sources */,
				AACE3DE92896E3D9005ACB10 /* RequestProtocol.swift in Sources */,
				AACE3E022896F0F7005ACB10 /* AnimalsRequest.swift in Sources */,
				AAA2280B2895077F00081167 /* ContentView.swift in Sources */,
				AACE3DD52896D599005ACB10 /* PhotoSizes.swift in Sources */,
				AACE3E0B2896FB5E005ACB10 /* AccessTokenManager.swift in Sources */,
				AACE3DF12896E6D1005ACB10 /* NetworkError.swift in Sources */,
				AACE3DD32896D576005ACB10 /* Breed.swift in Sources */,
				AACE3DDF2896D673005ACB10 /* AdoptionStatus.swift in Sources */,
				AACE3E0D2896FC91005ACB10 /* AppUserDefaultsKeys.swift in Sources */,
				AACE3DE12896D899005ACB10 /* Pagination.swift in Sources */,
				AACE3DEB2896E455005ACB10 /* RequestType.swift in Sources */,
				AAA2281E2896854100081167 /* Persistence.swift in Sources */,
				AACE3DCD2896D4E4005ACB10 /* Size.swift in Sources */,
				AACE3DF62896EA60005ACB10 /* RequestManager.swift in Sources */,
				AACE3DD12896D539005ACB10 /* Age.swift in Sources */,
				AAA228092895077F00081167 /* App.swift in Sources */,
				AAA2281C2896659300081167 /* ApiConstants.swift in Sources */,
				AACE3DD92896D5D7005ACB10 /* AnimalAttributes.swift in Sources */,
				AAA22827289685F000081167 /* Organization.swift in Sources */,
				AACE3DCF2896D510005ACB10 /* Gender.swift in Sources */,
				AAA2282D2896865C00081167 /* AnimalDetailsView.swift in Sources */,
				AACE3DDB2896D626005ACB10 /* AnimalEnvironment.swift in Sources */,
				AACE3DD72896D5BD005ACB10 /* VideoLink.swift in Sources */,
				AA34D7A228980F8B00D37F26 /* iOSScalableAppStructure.xcdatamodeld in Sources */,
				AAA22825289685DD00081167 /* Coat.swift in Sources */,
				AACE3E042896F269005ACB10 /* AnimalsContainer.swift in Sources */,
				AACE3DEE2896E56D005ACB10 /* Occupiable.swift in Sources */,
				AACE3DF42896E8F0005ACB10 /* ApiManager.swift in Sources */,
				AACE3DF92896EBA1005ACB10 /* DataParser.swift in Sources */,
				AAA228322896869C00081167 /* AnimalsNearYouView.swift in Sources */,
				AACE3DE32896DD5B005ACB10 /* AnimalsMock.swift in Sources */,
				AAA22829289685FC00081167 /* User.swift in Sources */,
				AACE3E082896F46A005ACB10 /* AnimalRowView.swift in Sources */,
			);
			runOnlyForDeploymentPostprocessing = 0;
		};
		AAA228372896879400081167 /* Sources */ = {
			isa = PBXSourcesBuildPhase;
			buildActionMask = 2147483647;
			files = (
				AACF529F2897D880001856C5 /* AccessTokenHelper.swift in Sources */,
				AACF52A32897DAC2001856C5 /* RequestManagerTests.swift in Sources */,
				AACE3E142897D623005ACB10 /* ApiManagerMock.swift in Sources */,
				AACF52A12897D964001856C5 /* AnimalsRequestMock.swift in Sources */,
				AA34D7922897F7D800D37F26 /* AccessTokenManagerTests.swift in Sources */,
			);
			runOnlyForDeploymentPostprocessing = 0;
		};
/* End PBXSourcesBuildPhase section */

/* Begin PBXTargetDependency section */
		AA34D7902897E21400D37F26 /* PBXTargetDependency */ = {
			isa = PBXTargetDependency;
			target = AAA228042895077F00081167 /* iOSScalableAppStructure */;
			targetProxy = AA34D78F2897E21400D37F26 /* PBXContainerItemProxy */;
		};
/* End PBXTargetDependency section */

/* Begin XCBuildConfiguration section */
		AAA228112895078000081167 /* Debug */ = {
			isa = XCBuildConfiguration;
			buildSettings = {
				ALWAYS_SEARCH_USER_PATHS = NO;
				CLANG_ANALYZER_NONNULL = YES;
				CLANG_ANALYZER_NUMBER_OBJECT_CONVERSION = YES_AGGRESSIVE;
				CLANG_CXX_LANGUAGE_STANDARD = "gnu++17";
				CLANG_ENABLE_MODULES = YES;
				CLANG_ENABLE_OBJC_ARC = YES;
				CLANG_ENABLE_OBJC_WEAK = YES;
				CLANG_WARN_BLOCK_CAPTURE_AUTORELEASING = YES;
				CLANG_WARN_BOOL_CONVERSION = YES;
				CLANG_WARN_COMMA = YES;
				CLANG_WARN_CONSTANT_CONVERSION = YES;
				CLANG_WARN_DEPRECATED_OBJC_IMPLEMENTATIONS = YES;
				CLANG_WARN_DIRECT_OBJC_ISA_USAGE = YES_ERROR;
				CLANG_WARN_DOCUMENTATION_COMMENTS = YES;
				CLANG_WARN_EMPTY_BODY = YES;
				CLANG_WARN_ENUM_CONVERSION = YES;
				CLANG_WARN_INFINITE_RECURSION = YES;
				CLANG_WARN_INT_CONVERSION = YES;
				CLANG_WARN_NON_LITERAL_NULL_CONVERSION = YES;
				CLANG_WARN_OBJC_IMPLICIT_RETAIN_SELF = YES;
				CLANG_WARN_OBJC_LITERAL_CONVERSION = YES;
				CLANG_WARN_OBJC_ROOT_CLASS = YES_ERROR;
				CLANG_WARN_QUOTED_INCLUDE_IN_FRAMEWORK_HEADER = YES;
				CLANG_WARN_RANGE_LOOP_ANALYSIS = YES;
				CLANG_WARN_STRICT_PROTOTYPES = YES;
				CLANG_WARN_SUSPICIOUS_MOVE = YES;
				CLANG_WARN_UNGUARDED_AVAILABILITY = YES_AGGRESSIVE;
				CLANG_WARN_UNREACHABLE_CODE = YES;
				CLANG_WARN__DUPLICATE_METHOD_MATCH = YES;
				COPY_PHASE_STRIP = NO;
				DEBUG_INFORMATION_FORMAT = dwarf;
				ENABLE_STRICT_OBJC_MSGSEND = YES;
				ENABLE_TESTABILITY = YES;
				GCC_C_LANGUAGE_STANDARD = gnu11;
				GCC_DYNAMIC_NO_PIC = NO;
				GCC_NO_COMMON_BLOCKS = YES;
				GCC_OPTIMIZATION_LEVEL = 0;
				GCC_PREPROCESSOR_DEFINITIONS = (
					"DEBUG=1",
					"$(inherited)",
				);
				GCC_WARN_64_TO_32_BIT_CONVERSION = YES;
				GCC_WARN_ABOUT_RETURN_TYPE = YES_ERROR;
				GCC_WARN_UNDECLARED_SELECTOR = YES;
				GCC_WARN_UNINITIALIZED_AUTOS = YES_AGGRESSIVE;
				GCC_WARN_UNUSED_FUNCTION = YES;
				GCC_WARN_UNUSED_VARIABLE = YES;
				IPHONEOS_DEPLOYMENT_TARGET = 15.4;
				MTL_ENABLE_DEBUG_INFO = INCLUDE_SOURCE;
				MTL_FAST_MATH = YES;
				ONLY_ACTIVE_ARCH = YES;
				SDKROOT = iphoneos;
				SWIFT_ACTIVE_COMPILATION_CONDITIONS = DEBUG;
				SWIFT_OPTIMIZATION_LEVEL = "-Onone";
			};
			name = Debug;
		};
		AAA228122895078000081167 /* Release */ = {
			isa = XCBuildConfiguration;
			buildSettings = {
				ALWAYS_SEARCH_USER_PATHS = NO;
				CLANG_ANALYZER_NONNULL = YES;
				CLANG_ANALYZER_NUMBER_OBJECT_CONVERSION = YES_AGGRESSIVE;
				CLANG_CXX_LANGUAGE_STANDARD = "gnu++17";
				CLANG_ENABLE_MODULES = YES;
				CLANG_ENABLE_OBJC_ARC = YES;
				CLANG_ENABLE_OBJC_WEAK = YES;
				CLANG_WARN_BLOCK_CAPTURE_AUTORELEASING = YES;
				CLANG_WARN_BOOL_CONVERSION = YES;
				CLANG_WARN_COMMA = YES;
				CLANG_WARN_CONSTANT_CONVERSION = YES;
				CLANG_WARN_DEPRECATED_OBJC_IMPLEMENTATIONS = YES;
				CLANG_WARN_DIRECT_OBJC_ISA_USAGE = YES_ERROR;
				CLANG_WARN_DOCUMENTATION_COMMENTS = YES;
				CLANG_WARN_EMPTY_BODY = YES;
				CLANG_WARN_ENUM_CONVERSION = YES;
				CLANG_WARN_INFINITE_RECURSION = YES;
				CLANG_WARN_INT_CONVERSION = YES;
				CLANG_WARN_NON_LITERAL_NULL_CONVERSION = YES;
				CLANG_WARN_OBJC_IMPLICIT_RETAIN_SELF = YES;
				CLANG_WARN_OBJC_LITERAL_CONVERSION = YES;
				CLANG_WARN_OBJC_ROOT_CLASS = YES_ERROR;
				CLANG_WARN_QUOTED_INCLUDE_IN_FRAMEWORK_HEADER = YES;
				CLANG_WARN_RANGE_LOOP_ANALYSIS = YES;
				CLANG_WARN_STRICT_PROTOTYPES = YES;
				CLANG_WARN_SUSPICIOUS_MOVE = YES;
				CLANG_WARN_UNGUARDED_AVAILABILITY = YES_AGGRESSIVE;
				CLANG_WARN_UNREACHABLE_CODE = YES;
				CLANG_WARN__DUPLICATE_METHOD_MATCH = YES;
				COPY_PHASE_STRIP = NO;
				DEBUG_INFORMATION_FORMAT = "dwarf-with-dsym";
				ENABLE_NS_ASSERTIONS = NO;
				ENABLE_STRICT_OBJC_MSGSEND = YES;
				GCC_C_LANGUAGE_STANDARD = gnu11;
				GCC_NO_COMMON_BLOCKS = YES;
				GCC_WARN_64_TO_32_BIT_CONVERSION = YES;
				GCC_WARN_ABOUT_RETURN_TYPE = YES_ERROR;
				GCC_WARN_UNDECLARED_SELECTOR = YES;
				GCC_WARN_UNINITIALIZED_AUTOS = YES_AGGRESSIVE;
				GCC_WARN_UNUSED_FUNCTION = YES;
				GCC_WARN_UNUSED_VARIABLE = YES;
				IPHONEOS_DEPLOYMENT_TARGET = 15.4;
				MTL_ENABLE_DEBUG_INFO = NO;
				MTL_FAST_MATH = YES;
				SDKROOT = iphoneos;
				SWIFT_COMPILATION_MODE = wholemodule;
				SWIFT_OPTIMIZATION_LEVEL = "-O";
				VALIDATE_PRODUCT = YES;
			};
			name = Release;
		};
		AAA228142895078000081167 /* Debug */ = {
			isa = XCBuildConfiguration;
			buildSettings = {
				ASSETCATALOG_COMPILER_APPICON_NAME = AppIcon;
				ASSETCATALOG_COMPILER_GLOBAL_ACCENT_COLOR_NAME = AccentColor;
				CODE_SIGN_STYLE = Automatic;
				CURRENT_PROJECT_VERSION = 1;
				DEVELOPMENT_ASSET_PATHS = "\"iOSScalableAppStructure/Preview Content\"";
				DEVELOPMENT_TEAM = V5CFURAVD9;
				ENABLE_PREVIEWS = YES;
				ENABLE_TESTING_SEARCH_PATHS = NO;
				GENERATE_INFOPLIST_FILE = YES;
				INFOPLIST_KEY_UIApplicationSceneManifest_Generation = YES;
				INFOPLIST_KEY_UIApplicationSupportsIndirectInputEvents = YES;
				INFOPLIST_KEY_UILaunchScreen_Generation = YES;
				INFOPLIST_KEY_UISupportedInterfaceOrientations_iPad = "UIInterfaceOrientationPortrait UIInterfaceOrientationPortraitUpsideDown UIInterfaceOrientationLandscapeLeft UIInterfaceOrientationLandscapeRight";
				INFOPLIST_KEY_UISupportedInterfaceOrientations_iPhone = "UIInterfaceOrientationPortrait UIInterfaceOrientationLandscapeLeft UIInterfaceOrientationLandscapeRight";
				LD_RUNPATH_SEARCH_PATHS = (
					"$(inherited)",
					"@executable_path/Frameworks",
				);
				MARKETING_VERSION = 1.0;
				PRODUCT_BUNDLE_IDENTIFIER = "com.ryan-son.iOSScalableAppStructure";
				PRODUCT_NAME = "$(TARGET_NAME)";
				SWIFT_EMIT_LOC_STRINGS = YES;
				SWIFT_VERSION = 5.0;
				TARGETED_DEVICE_FAMILY = "1,2";
			};
			name = Debug;
		};
		AAA228152895078000081167 /* Release */ = {
			isa = XCBuildConfiguration;
			buildSettings = {
				ASSETCATALOG_COMPILER_APPICON_NAME = AppIcon;
				ASSETCATALOG_COMPILER_GLOBAL_ACCENT_COLOR_NAME = AccentColor;
				CODE_SIGN_STYLE = Automatic;
				CURRENT_PROJECT_VERSION = 1;
				DEVELOPMENT_ASSET_PATHS = "\"iOSScalableAppStructure/Preview Content\"";
				DEVELOPMENT_TEAM = V5CFURAVD9;
				ENABLE_PREVIEWS = YES;
				ENABLE_TESTING_SEARCH_PATHS = NO;
				GENERATE_INFOPLIST_FILE = YES;
				INFOPLIST_KEY_UIApplicationSceneManifest_Generation = YES;
				INFOPLIST_KEY_UIApplicationSupportsIndirectInputEvents = YES;
				INFOPLIST_KEY_UILaunchScreen_Generation = YES;
				INFOPLIST_KEY_UISupportedInterfaceOrientations_iPad = "UIInterfaceOrientationPortrait UIInterfaceOrientationPortraitUpsideDown UIInterfaceOrientationLandscapeLeft UIInterfaceOrientationLandscapeRight";
				INFOPLIST_KEY_UISupportedInterfaceOrientations_iPhone = "UIInterfaceOrientationPortrait UIInterfaceOrientationLandscapeLeft UIInterfaceOrientationLandscapeRight";
				LD_RUNPATH_SEARCH_PATHS = (
					"$(inherited)",
					"@executable_path/Frameworks",
				);
				MARKETING_VERSION = 1.0;
				PRODUCT_BUNDLE_IDENTIFIER = "com.ryan-son.iOSScalableAppStructure";
				PRODUCT_NAME = "$(TARGET_NAME)";
				SWIFT_EMIT_LOC_STRINGS = YES;
				SWIFT_VERSION = 5.0;
				TARGETED_DEVICE_FAMILY = "1,2";
			};
			name = Release;
		};
		AAA228402896879400081167 /* Debug */ = {
			isa = XCBuildConfiguration;
			buildSettings = {
				ALWAYS_EMBED_SWIFT_STANDARD_LIBRARIES = "$(EMBEDDED_CONTENT_CONTAINS_SWIFT)";
				BUNDLE_LOADER = "$(TEST_HOST)";
				CODE_SIGN_STYLE = Automatic;
				CURRENT_PROJECT_VERSION = 1;
				DEVELOPMENT_TEAM = V5CFURAVD9;
				ENABLE_TESTING_SEARCH_PATHS = YES;
				EXCLUDED_ARCHS = "";
				GENERATE_INFOPLIST_FILE = YES;
				MARKETING_VERSION = 1.0;
				PRODUCT_BUNDLE_IDENTIFIER = "com.ryan-son.iOSScalableAppStructureTests";
				PRODUCT_NAME = "$(TARGET_NAME)";
				SWIFT_EMIT_LOC_STRINGS = NO;
				SWIFT_VERSION = 5.0;
				TARGETED_DEVICE_FAMILY = "1,2";
				TEST_HOST = "$(BUILT_PRODUCTS_DIR)/iOSScalableAppStructure.app/iOSScalableAppStructure";
			};
			name = Debug;
		};
		AAA228412896879400081167 /* Release */ = {
			isa = XCBuildConfiguration;
			buildSettings = {
				ALWAYS_EMBED_SWIFT_STANDARD_LIBRARIES = "$(EMBEDDED_CONTENT_CONTAINS_SWIFT)";
				BUNDLE_LOADER = "$(TEST_HOST)";
				CODE_SIGN_STYLE = Automatic;
				CURRENT_PROJECT_VERSION = 1;
				DEVELOPMENT_TEAM = V5CFURAVD9;
				ENABLE_TESTING_SEARCH_PATHS = YES;
				EXCLUDED_ARCHS = "";
				GENERATE_INFOPLIST_FILE = YES;
				MARKETING_VERSION = 1.0;
				PRODUCT_BUNDLE_IDENTIFIER = "com.ryan-son.iOSScalableAppStructureTests";
				PRODUCT_NAME = "$(TARGET_NAME)";
				SWIFT_EMIT_LOC_STRINGS = NO;
				SWIFT_VERSION = 5.0;
				TARGETED_DEVICE_FAMILY = "1,2";
				TEST_HOST = "$(BUILT_PRODUCTS_DIR)/iOSScalableAppStructure.app/iOSScalableAppStructure";
			};
			name = Release;
		};
/* End XCBuildConfiguration section */

/* Begin XCConfigurationList section */
		AAA228002895077F00081167 /* Build configuration list for PBXProject "iOSScalableAppStructure" */ = {
			isa = XCConfigurationList;
			buildConfigurations = (
				AAA228112895078000081167 /* Debug */,
				AAA228122895078000081167 /* Release */,
			);
			defaultConfigurationIsVisible = 0;
			defaultConfigurationName = Release;
		};
		AAA228132895078000081167 /* Build configuration list for PBXNativeTarget "iOSScalableAppStructure" */ = {
			isa = XCConfigurationList;
			buildConfigurations = (
				AAA228142895078000081167 /* Debug */,
				AAA228152895078000081167 /* Release */,
			);
			defaultConfigurationIsVisible = 0;
			defaultConfigurationName = Release;
		};
		AAA2283F2896879400081167 /* Build configuration list for PBXNativeTarget "iOSScalableAppStructureTests" */ = {
			isa = XCConfigurationList;
			buildConfigurations = (
				AAA228402896879400081167 /* Debug */,
				AAA228412896879400081167 /* Release */,
			);
			defaultConfigurationIsVisible = 0;
			defaultConfigurationName = Release;
		};
/* End XCConfigurationList section */

/* Begin XCVersionGroup section */
		AA34D7A028980F8B00D37F26 /* iOSScalableAppStructure.xcdatamodeld */ = {
			isa = XCVersionGroup;
			children = (
				AA34D7A128980F8B00D37F26 /* iOSScalableAppStructure.xcdatamodel */,
			);
			currentVersion = AA34D7A128980F8B00D37F26 /* iOSScalableAppStructure.xcdatamodel */;
			path = iOSScalableAppStructure.xcdatamodeld;
			sourceTree = "<group>";
			versionGroupType = wrapper.xcdatamodel;
		};
/* End XCVersionGroup section */
	};
	rootObject = AAA227FD2895077F00081167 /* Project object */;
}
